
Microsoft Visual Studio Solution File, Format Version 12.00
# Visual Studio Version 17
VisualStudioVersion = 17.11.35327.3
MinimumVisualStudioVersion = 10.0.40219.1
Project("{FAE04EC0-301F-11D3-BF4B-00C04F79EFBC}") = "WinFormsApp2", "WinFormsApp2\WinFormsApp2.csproj", "{C3D2AD5F-28A6-4EF4-95F2-E4CC0DD380DC}"
EndProject
Global
	GlobalSection(SolutionConfigurationPlatforms) = preSolution
		Debug|Any CPU = Debug|Any CPU
		Release|Any CPU = Release|Any CPU
	EndGlobalSection
	GlobalSection(ProjectConfigurationPlatforms) = postSolution
		{C3D2AD5F-28A6-4EF4-95F2-E4CC0DD380DC}.Debug|Any CPU.ActiveCfg = Debug|Any CPU
		{C3D2AD5F-28A6-4EF4-95F2-E4CC0DD380DC}.Debug|Any CPU.Build.0 = Debug|Any CPU
		{C3D2AD5F-28A6-4EF4-95F2-E4CC0DD380DC}.Release|Any CPU.ActiveCfg = Release|Any CPU
		{C3D2AD5F-28A6-4EF4-95F2-E4CC0DD380DC}.Release|Any CPU.Build.0 = Release|Any CPU
	EndGlobalSection
	GlobalSection(SolutionProperties) = preSolution
		HideSolutionNode = FALSE
	EndGlobalSection
	GlobalSection(ExtensibilityGlobals) = postSolution
		SolutionGuid = {8E6015CE-9430-4C45-A0E9-5E913CE943F0}
	EndGlobalSection
EndGlobal
